{
  "requires": true,
  "lockfileVersion": 1,
  "dependencies": {
    "filepond-plugin-image-preview": {
      "version": "4.6.8",
      "resolved": "https://registry.npmjs.org/filepond-plugin-image-preview/-/filepond-plugin-image-preview-4.6.8.tgz",
      "integrity": "sha512-FLG7M+ReoRj1LA4xbI3FcZX8o7z3kYW2VBrNWaUU2xtC26VqTh9te239cZ4dqUYxb0tcVQbvEUUmSqyUj8qmPQ=="
    }
  }
}
